
Microsoft Visual Studio Solution File, Format Version 12.00
# Visual Studio Version 17
VisualStudioVersion = 17.11.35327.3
MinimumVisualStudioVersion = 10.0.40219.1
Project("{FAE04EC0-301F-11D3-BF4B-00C04F79EFBC}") = "FastX_CaseStudy", "FastX_CaseStudy.csproj", "{B63B5C13-BB2C-40A8-BCC1-34C2719F661E}"
EndProject
Global
	GlobalSection(SolutionConfigurationPlatforms) = preSolution
		Debug|Any CPU = Debug|Any CPU
		Release|Any CPU = Release|Any CPU
	EndGlobalSection
	GlobalSection(ProjectConfigurationPlatforms) = postSolution
		{B63B5C13-BB2C-40A8-BCC1-34C2719F661E}.Debug|Any CPU.ActiveCfg = Debug|Any CPU
		{B63B5C13-BB2C-40A8-BCC1-34C2719F661E}.Debug|Any CPU.Build.0 = Debug|Any CPU
		{B63B5C13-BB2C-40A8-BCC1-34C2719F661E}.Release|Any CPU.ActiveCfg = Release|Any CPU
		{B63B5C13-BB2C-40A8-BCC1-34C2719F661E}.Release|Any CPU.Build.0 = Release|Any CPU
	EndGlobalSection
	GlobalSection(SolutionProperties) = preSolution
		HideSolutionNode = FALSE
	EndGlobalSection
	GlobalSection(ExtensibilityGlobals) = postSolution
		SolutionGuid = {8415CC8B-107A-4ABB-8217-8EEFABF9EA5F}
	EndGlobalSection
EndGlobal
